
Microsoft Visual Studio Solution File, Format Version 12.00
#
Project("{FAE04EC0-301F-11D3-BF4B-00C04F79EFBC}") = "MarketGateway.Core", "MarketGateway.Core\MarketGateway.Core.csproj", "{AB3A34BF-138B-47C2-93ED-6631C4FD617B}"
EndProject
Project("{FAE04EC0-301F-11D3-BF4B-00C04F79EFBC}") = "MarketGateway.Shared", "MarketGateway.Shared\MarketGateway.Shared.csproj", "{91CDD532-D3DA-4FF5-A688-66059BC48A81}"
EndProject
Project("{FAE04EC0-301F-11D3-BF4B-00C04F79EFBC}") = "MarketGateway.Data", "MarketGateway.Data\MarketGateway.Data.csproj", "{F302CC9F-0E22-4982-8B33-2737C8B92712}"
EndProject
Project("{FAE04EC0-301F-11D3-BF4B-00C04F79EFBC}") = "MarketGateway.Tests", "MarketGateway.Tests\MarketGateway.Tests.csproj", "{92FE446D-02A9-4420-B2B4-5603C0B5E1B3}"
EndProject
Project("{FAE04EC0-301F-11D3-BF4B-00C04F79EFBC}") = "MarketGateway.Providers", "MarketGateway.Providers\MarketGateway.Providers.csproj", "{AA7F119A-3E11-4416-BE4A-E0FED9335A4D}"
EndProject
Project("{FAE04EC0-301F-11D3-BF4B-00C04F79EFBC}") = "MarketGateway.Contracts", "MarketGateway.Contracts\MarketGateway.Contracts.csproj", "{3706C1E6-C301-4876-A1F6-0205966891A0}"
EndProject
Global
	GlobalSection(SolutionConfigurationPlatforms) = preSolution
		Debug|Any CPU = Debug|Any CPU
		Release|Any CPU = Release|Any CPU
	EndGlobalSection
	GlobalSection(ProjectConfigurationPlatforms) = postSolution
		{AB3A34BF-138B-47C2-93ED-6631C4FD617B}.Debug|Any CPU.ActiveCfg = Debug|Any CPU
		{AB3A34BF-138B-47C2-93ED-6631C4FD617B}.Debug|Any CPU.Build.0 = Debug|Any CPU
		{AB3A34BF-138B-47C2-93ED-6631C4FD617B}.Release|Any CPU.ActiveCfg = Release|Any CPU
		{AB3A34BF-138B-47C2-93ED-6631C4FD617B}.Release|Any CPU.Build.0 = Release|Any CPU
		{91CDD532-D3DA-4FF5-A688-66059BC48A81}.Debug|Any CPU.ActiveCfg = Debug|Any CPU
		{91CDD532-D3DA-4FF5-A688-66059BC48A81}.Debug|Any CPU.Build.0 = Debug|Any CPU
		{91CDD532-D3DA-4FF5-A688-66059BC48A81}.Release|Any CPU.ActiveCfg = Release|Any CPU
		{91CDD532-D3DA-4FF5-A688-66059BC48A81}.Release|Any CPU.Build.0 = Release|Any CPU
		{F302CC9F-0E22-4982-8B33-2737C8B92712}.Debug|Any CPU.ActiveCfg = Debug|Any CPU
		{F302CC9F-0E22-4982-8B33-2737C8B92712}.Debug|Any CPU.Build.0 = Debug|Any CPU
		{F302CC9F-0E22-4982-8B33-2737C8B92712}.Release|Any CPU.ActiveCfg = Release|Any CPU
		{F302CC9F-0E22-4982-8B33-2737C8B92712}.Release|Any CPU.Build.0 = Release|Any CPU
		{92FE446D-02A9-4420-B2B4-5603C0B5E1B3}.Debug|Any CPU.ActiveCfg = Debug|Any CPU
		{92FE446D-02A9-4420-B2B4-5603C0B5E1B3}.Debug|Any CPU.Build.0 = Debug|Any CPU
		{92FE446D-02A9-4420-B2B4-5603C0B5E1B3}.Release|Any CPU.ActiveCfg = Release|Any CPU
		{92FE446D-02A9-4420-B2B4-5603C0B5E1B3}.Release|Any CPU.Build.0 = Release|Any CPU
		{AA7F119A-3E11-4416-BE4A-E0FED9335A4D}.Debug|Any CPU.ActiveCfg = Debug|Any CPU
		{AA7F119A-3E11-4416-BE4A-E0FED9335A4D}.Debug|Any CPU.Build.0 = Debug|Any CPU
		{AA7F119A-3E11-4416-BE4A-E0FED9335A4D}.Release|Any CPU.ActiveCfg = Release|Any CPU
		{AA7F119A-3E11-4416-BE4A-E0FED9335A4D}.Release|Any CPU.Build.0 = Release|Any CPU
		{3706C1E6-C301-4876-A1F6-0205966891A0}.Debug|Any CPU.ActiveCfg = Debug|Any CPU
		{3706C1E6-C301-4876-A1F6-0205966891A0}.Debug|Any CPU.Build.0 = Debug|Any CPU
		{3706C1E6-C301-4876-A1F6-0205966891A0}.Release|Any CPU.ActiveCfg = Release|Any CPU
		{3706C1E6-C301-4876-A1F6-0205966891A0}.Release|Any CPU.Build.0 = Release|Any CPU
	EndGlobalSection
EndGlobal
