
Microsoft Visual Studio Solution File, Format Version 12.00
# Visual Studio Version 17
VisualStudioVersion = 17.12.35527.113
MinimumVisualStudioVersion = 10.0.40219.1
Project("{2150E333-8FDC-42A3-9474-1A3956D46DE8}") = "Services", "Services", "{02EA681E-C7D8-13C7-8484-4AC65E1B71E8}"
EndProject
Project("{2150E333-8FDC-42A3-9474-1A3956D46DE8}") = "Currency", "Currency", "{ECF3C097-3169-4F10-B80B-D1C93B6BA8DD}"
EndProject
Project("{FAE04EC0-301F-11D3-BF4B-00C04F79EFBC}") = "Currency.Common", "Services\Currency\Currency.Common\Currency.Common.csproj", "{E63D4D7B-E151-4989-B246-1D1980D4FD77}"
EndProject
Project("{FAE04EC0-301F-11D3-BF4B-00C04F79EFBC}") = "Currency.API", "Services\Currency\Currency.API\Currency.API.csproj", "{95CB92F7-34F7-451B-B497-C5E451F0DDBE}"
EndProject
Project("{FAE04EC0-301F-11D3-BF4B-00C04F79EFBC}") = "Currency.GRPC", "Services\Currency\Currency.GRPC\Currency.GRPC.csproj", "{E4C3B4D4-D843-4162-A256-B1A1B2BBF8C1}"
EndProject
Project("{2150E333-8FDC-42A3-9474-1A3956D46DE8}") = "Budget", "Budget", "{ABD95852-CBA4-4994-BF03-D434FFF7B5C4}"
EndProject
Project("{FAE04EC0-301F-11D3-BF4B-00C04F79EFBC}") = "Budget.API", "Services\Budget\Budget.API\Budget.API.csproj", "{CB5CA49E-7067-4D7B-A173-3C49BCFCE086}"
EndProject
Project("{FAE04EC0-301F-11D3-BF4B-00C04F79EFBC}") = "Budget.Domain", "Services\Budget\Budget.Domain\Budget.Domain.csproj", "{666F37EF-2CE5-4565-BD26-F61F64FEDC7F}"
EndProject
Project("{FAE04EC0-301F-11D3-BF4B-00C04F79EFBC}") = "Budget.Infrastructure", "Services\Budget\Budget.Infrastructure\Budget.Infrastructure.csproj", "{575CDBA2-450B-4881-BF0F-2D0191383B5E}"
EndProject
Project("{FAE04EC0-301F-11D3-BF4B-00C04F79EFBC}") = "Budget.Application", "Services\Budget\Budget.Application\Budget.Application.csproj", "{F712C346-BCEA-4122-97A4-42526959311A}"
EndProject
Project("{2150E333-8FDC-42A3-9474-1A3956D46DE8}") = "Security", "Security", "{321F17CC-1DB0-4204-8366-B83493547430}"
EndProject
Project("{FAE04EC0-301F-11D3-BF4B-00C04F79EFBC}") = "IdentityServer", "Security\IdentityServer\IdentityServer.csproj", "{FCD69B91-0233-4015-ABEA-A18A06C7A9D4}"
EndProject
Project("{2150E333-8FDC-42A3-9474-1A3956D46DE8}") = "Common", "Common", "{3C51E996-14FE-45B6-B201-F29A69FBC6DB}"
EndProject
Project("{FAE04EC0-301F-11D3-BF4B-00C04F79EFBC}") = "EventBus.Messages", "Common\EventBus.Messages\EventBus.Messages.csproj", "{8C5D6E99-BBC8-4E44-B7FB-3A2125D9075B}"
EndProject
Project("{FAE04EC0-301F-11D3-BF4B-00C04F79EFBC}") = "Budget.GRPC", "Services\Budget\Budget.GRPC\Budget.GRPC.csproj", "{E7BA2E3A-E235-448B-969F-36594022F592}"
EndProject
Project("{2150E333-8FDC-42A3-9474-1A3956D46DE8}") = "Portfolio", "Portfolio", "{D87B4EC8-5147-4CCE-9FDA-AA735579FCD2}"
EndProject
Project("{FAE04EC0-301F-11D3-BF4B-00C04F79EFBC}") = "Portfolio.API", "Services\Portfolio\Portfolio.API\Portfolio.API.csproj", "{9A66E1E3-A40B-4AC4-8AE2-D4DD334ADD46}"
EndProject
Project("{FAE04EC0-301F-11D3-BF4B-00C04F79EFBC}") = "Portfolio.Core", "Services\Portfolio\Portfolio.Core\Portfolio.Core.csproj", "{C39FD056-46D3-4868-8DD3-DFBFA639DB70}"
EndProject
Project("{FAE04EC0-301F-11D3-BF4B-00C04F79EFBC}") = "Portfolio.Data", "Services\Portfolio\Portfolio.Data\Portfolio.Data.csproj", "{0E010A5C-36F2-4F08-B17A-BBD6BBBE03D9}"
EndProject
Project("{2150E333-8FDC-42A3-9474-1A3956D46DE8}") = "Report", "Report", "{3F9F23A7-2167-4DDC-BFD5-099F47B073D6}"
EndProject
Project("{FAE04EC0-301F-11D3-BF4B-00C04F79EFBC}") = "Report.API", "Services\Report\Report.API\Report.API.csproj", "{93366CF4-6292-4BC1-8E7C-9567F86F36AE}"
EndProject
Project("{FAE04EC0-301F-11D3-BF4B-00C04F79EFBC}") = "Report.Application", "Services\Report\Report.Application\Report.Application.csproj", "{4A40610D-8390-4FA6-B465-8D0AE2808C23}"
EndProject
Project("{FAE04EC0-301F-11D3-BF4B-00C04F79EFBC}") = "Report.Domain", "Services\Report\Report.Domain\Report.Domain.csproj", "{B21964B4-8A5D-4E31-876B-3310DEF9FCBB}"
EndProject
Project("{FAE04EC0-301F-11D3-BF4B-00C04F79EFBC}") = "Report.Infrastructure", "Services\Report\Report.Infrastructure\Report.Infrastructure.csproj", "{EF902E38-A509-4723-8DB1-5C9ADD1FE4A7}"
EndProject
Global
	GlobalSection(SolutionConfigurationPlatforms) = preSolution
		Debug|Any CPU = Debug|Any CPU
		Release|Any CPU = Release|Any CPU
	EndGlobalSection
	GlobalSection(ProjectConfigurationPlatforms) = postSolution
		{E63D4D7B-E151-4989-B246-1D1980D4FD77}.Debug|Any CPU.ActiveCfg = Debug|Any CPU
		{E63D4D7B-E151-4989-B246-1D1980D4FD77}.Debug|Any CPU.Build.0 = Debug|Any CPU
		{E63D4D7B-E151-4989-B246-1D1980D4FD77}.Release|Any CPU.ActiveCfg = Release|Any CPU
		{E63D4D7B-E151-4989-B246-1D1980D4FD77}.Release|Any CPU.Build.0 = Release|Any CPU
		{95CB92F7-34F7-451B-B497-C5E451F0DDBE}.Debug|Any CPU.ActiveCfg = Debug|Any CPU
		{95CB92F7-34F7-451B-B497-C5E451F0DDBE}.Debug|Any CPU.Build.0 = Debug|Any CPU
		{95CB92F7-34F7-451B-B497-C5E451F0DDBE}.Release|Any CPU.ActiveCfg = Release|Any CPU
		{95CB92F7-34F7-451B-B497-C5E451F0DDBE}.Release|Any CPU.Build.0 = Release|Any CPU
		{E4C3B4D4-D843-4162-A256-B1A1B2BBF8C1}.Debug|Any CPU.ActiveCfg = Debug|Any CPU
		{E4C3B4D4-D843-4162-A256-B1A1B2BBF8C1}.Debug|Any CPU.Build.0 = Debug|Any CPU
		{E4C3B4D4-D843-4162-A256-B1A1B2BBF8C1}.Release|Any CPU.ActiveCfg = Release|Any CPU
		{E4C3B4D4-D843-4162-A256-B1A1B2BBF8C1}.Release|Any CPU.Build.0 = Release|Any CPU
		{CB5CA49E-7067-4D7B-A173-3C49BCFCE086}.Debug|Any CPU.ActiveCfg = Debug|Any CPU
		{CB5CA49E-7067-4D7B-A173-3C49BCFCE086}.Debug|Any CPU.Build.0 = Debug|Any CPU
		{CB5CA49E-7067-4D7B-A173-3C49BCFCE086}.Release|Any CPU.ActiveCfg = Release|Any CPU
		{CB5CA49E-7067-4D7B-A173-3C49BCFCE086}.Release|Any CPU.Build.0 = Release|Any CPU
		{666F37EF-2CE5-4565-BD26-F61F64FEDC7F}.Debug|Any CPU.ActiveCfg = Debug|Any CPU
		{666F37EF-2CE5-4565-BD26-F61F64FEDC7F}.Debug|Any CPU.Build.0 = Debug|Any CPU
		{666F37EF-2CE5-4565-BD26-F61F64FEDC7F}.Release|Any CPU.ActiveCfg = Release|Any CPU
		{666F37EF-2CE5-4565-BD26-F61F64FEDC7F}.Release|Any CPU.Build.0 = Release|Any CPU
		{575CDBA2-450B-4881-BF0F-2D0191383B5E}.Debug|Any CPU.ActiveCfg = Debug|Any CPU
		{575CDBA2-450B-4881-BF0F-2D0191383B5E}.Debug|Any CPU.Build.0 = Debug|Any CPU
		{575CDBA2-450B-4881-BF0F-2D0191383B5E}.Release|Any CPU.ActiveCfg = Release|Any CPU
		{575CDBA2-450B-4881-BF0F-2D0191383B5E}.Release|Any CPU.Build.0 = Release|Any CPU
		{F712C346-BCEA-4122-97A4-42526959311A}.Debug|Any CPU.ActiveCfg = Debug|Any CPU
		{F712C346-BCEA-4122-97A4-42526959311A}.Debug|Any CPU.Build.0 = Debug|Any CPU
		{F712C346-BCEA-4122-97A4-42526959311A}.Release|Any CPU.ActiveCfg = Release|Any CPU
		{F712C346-BCEA-4122-97A4-42526959311A}.Release|Any CPU.Build.0 = Release|Any CPU
		{FCD69B91-0233-4015-ABEA-A18A06C7A9D4}.Debug|Any CPU.ActiveCfg = Debug|Any CPU
		{FCD69B91-0233-4015-ABEA-A18A06C7A9D4}.Debug|Any CPU.Build.0 = Debug|Any CPU
		{FCD69B91-0233-4015-ABEA-A18A06C7A9D4}.Release|Any CPU.ActiveCfg = Release|Any CPU
		{FCD69B91-0233-4015-ABEA-A18A06C7A9D4}.Release|Any CPU.Build.0 = Release|Any CPU
		{8C5D6E99-BBC8-4E44-B7FB-3A2125D9075B}.Debug|Any CPU.ActiveCfg = Debug|Any CPU
		{8C5D6E99-BBC8-4E44-B7FB-3A2125D9075B}.Debug|Any CPU.Build.0 = Debug|Any CPU
		{8C5D6E99-BBC8-4E44-B7FB-3A2125D9075B}.Release|Any CPU.ActiveCfg = Release|Any CPU
		{8C5D6E99-BBC8-4E44-B7FB-3A2125D9075B}.Release|Any CPU.Build.0 = Release|Any CPU
		{E7BA2E3A-E235-448B-969F-36594022F592}.Debug|Any CPU.ActiveCfg = Debug|Any CPU
		{E7BA2E3A-E235-448B-969F-36594022F592}.Debug|Any CPU.Build.0 = Debug|Any CPU
		{E7BA2E3A-E235-448B-969F-36594022F592}.Release|Any CPU.ActiveCfg = Release|Any CPU
		{E7BA2E3A-E235-448B-969F-36594022F592}.Release|Any CPU.Build.0 = Release|Any CPU
		{9A66E1E3-A40B-4AC4-8AE2-D4DD334ADD46}.Debug|Any CPU.ActiveCfg = Debug|Any CPU
		{9A66E1E3-A40B-4AC4-8AE2-D4DD334ADD46}.Debug|Any CPU.Build.0 = Debug|Any CPU
		{9A66E1E3-A40B-4AC4-8AE2-D4DD334ADD46}.Release|Any CPU.ActiveCfg = Release|Any CPU
		{9A66E1E3-A40B-4AC4-8AE2-D4DD334ADD46}.Release|Any CPU.Build.0 = Release|Any CPU
		{C39FD056-46D3-4868-8DD3-DFBFA639DB70}.Debug|Any CPU.ActiveCfg = Debug|Any CPU
		{C39FD056-46D3-4868-8DD3-DFBFA639DB70}.Debug|Any CPU.Build.0 = Debug|Any CPU
		{C39FD056-46D3-4868-8DD3-DFBFA639DB70}.Release|Any CPU.ActiveCfg = Release|Any CPU
		{C39FD056-46D3-4868-8DD3-DFBFA639DB70}.Release|Any CPU.Build.0 = Release|Any CPU
		{0E010A5C-36F2-4F08-B17A-BBD6BBBE03D9}.Debug|Any CPU.ActiveCfg = Debug|Any CPU
		{0E010A5C-36F2-4F08-B17A-BBD6BBBE03D9}.Debug|Any CPU.Build.0 = Debug|Any CPU
		{0E010A5C-36F2-4F08-B17A-BBD6BBBE03D9}.Release|Any CPU.ActiveCfg = Release|Any CPU
		{0E010A5C-36F2-4F08-B17A-BBD6BBBE03D9}.Release|Any CPU.Build.0 = Release|Any CPU
		{93366CF4-6292-4BC1-8E7C-9567F86F36AE}.Debug|Any CPU.ActiveCfg = Debug|Any CPU
		{93366CF4-6292-4BC1-8E7C-9567F86F36AE}.Debug|Any CPU.Build.0 = Debug|Any CPU
		{93366CF4-6292-4BC1-8E7C-9567F86F36AE}.Release|Any CPU.ActiveCfg = Release|Any CPU
		{93366CF4-6292-4BC1-8E7C-9567F86F36AE}.Release|Any CPU.Build.0 = Release|Any CPU
		{4A40610D-8390-4FA6-B465-8D0AE2808C23}.Debug|Any CPU.ActiveCfg = Debug|Any CPU
		{4A40610D-8390-4FA6-B465-8D0AE2808C23}.Debug|Any CPU.Build.0 = Debug|Any CPU
		{4A40610D-8390-4FA6-B465-8D0AE2808C23}.Release|Any CPU.ActiveCfg = Release|Any CPU
		{4A40610D-8390-4FA6-B465-8D0AE2808C23}.Release|Any CPU.Build.0 = Release|Any CPU
		{B21964B4-8A5D-4E31-876B-3310DEF9FCBB}.Debug|Any CPU.ActiveCfg = Debug|Any CPU
		{B21964B4-8A5D-4E31-876B-3310DEF9FCBB}.Debug|Any CPU.Build.0 = Debug|Any CPU
		{B21964B4-8A5D-4E31-876B-3310DEF9FCBB}.Release|Any CPU.ActiveCfg = Release|Any CPU
		{B21964B4-8A5D-4E31-876B-3310DEF9FCBB}.Release|Any CPU.Build.0 = Release|Any CPU
		{EF902E38-A509-4723-8DB1-5C9ADD1FE4A7}.Debug|Any CPU.ActiveCfg = Debug|Any CPU
		{EF902E38-A509-4723-8DB1-5C9ADD1FE4A7}.Debug|Any CPU.Build.0 = Debug|Any CPU
		{EF902E38-A509-4723-8DB1-5C9ADD1FE4A7}.Release|Any CPU.ActiveCfg = Release|Any CPU
		{EF902E38-A509-4723-8DB1-5C9ADD1FE4A7}.Release|Any CPU.Build.0 = Release|Any CPU
	EndGlobalSection
	GlobalSection(SolutionProperties) = preSolution
		HideSolutionNode = FALSE
	EndGlobalSection
	GlobalSection(NestedProjects) = preSolution
		{ECF3C097-3169-4F10-B80B-D1C93B6BA8DD} = {02EA681E-C7D8-13C7-8484-4AC65E1B71E8}
		{E63D4D7B-E151-4989-B246-1D1980D4FD77} = {ECF3C097-3169-4F10-B80B-D1C93B6BA8DD}
		{95CB92F7-34F7-451B-B497-C5E451F0DDBE} = {ECF3C097-3169-4F10-B80B-D1C93B6BA8DD}
		{E4C3B4D4-D843-4162-A256-B1A1B2BBF8C1} = {ECF3C097-3169-4F10-B80B-D1C93B6BA8DD}
		{ABD95852-CBA4-4994-BF03-D434FFF7B5C4} = {02EA681E-C7D8-13C7-8484-4AC65E1B71E8}
		{CB5CA49E-7067-4D7B-A173-3C49BCFCE086} = {ABD95852-CBA4-4994-BF03-D434FFF7B5C4}
		{666F37EF-2CE5-4565-BD26-F61F64FEDC7F} = {ABD95852-CBA4-4994-BF03-D434FFF7B5C4}
		{575CDBA2-450B-4881-BF0F-2D0191383B5E} = {ABD95852-CBA4-4994-BF03-D434FFF7B5C4}
		{F712C346-BCEA-4122-97A4-42526959311A} = {ABD95852-CBA4-4994-BF03-D434FFF7B5C4}
		{FCD69B91-0233-4015-ABEA-A18A06C7A9D4} = {321F17CC-1DB0-4204-8366-B83493547430}
		{8C5D6E99-BBC8-4E44-B7FB-3A2125D9075B} = {3C51E996-14FE-45B6-B201-F29A69FBC6DB}
		{D87B4EC8-5147-4CCE-9FDA-AA735579FCD2} = {02EA681E-C7D8-13C7-8484-4AC65E1B71E8}
		{9A66E1E3-A40B-4AC4-8AE2-D4DD334ADD46} = {D87B4EC8-5147-4CCE-9FDA-AA735579FCD2}
		{C39FD056-46D3-4868-8DD3-DFBFA639DB70} = {D87B4EC8-5147-4CCE-9FDA-AA735579FCD2}
		{0E010A5C-36F2-4F08-B17A-BBD6BBBE03D9} = {D87B4EC8-5147-4CCE-9FDA-AA735579FCD2}
		{3F9F23A7-2167-4DDC-BFD5-099F47B073D6} = {02EA681E-C7D8-13C7-8484-4AC65E1B71E8}
		{93366CF4-6292-4BC1-8E7C-9567F86F36AE} = {3F9F23A7-2167-4DDC-BFD5-099F47B073D6}
		{4A40610D-8390-4FA6-B465-8D0AE2808C23} = {3F9F23A7-2167-4DDC-BFD5-099F47B073D6}
		{B21964B4-8A5D-4E31-876B-3310DEF9FCBB} = {3F9F23A7-2167-4DDC-BFD5-099F47B073D6}
		{EF902E38-A509-4723-8DB1-5C9ADD1FE4A7} = {3F9F23A7-2167-4DDC-BFD5-099F47B073D6}
	EndGlobalSection
	GlobalSection(ExtensibilityGlobals) = postSolution
		SolutionGuid = {0C571D7B-A098-459C-8B8D-CEAF18D38B9F}
	EndGlobalSection
EndGlobal
